
Microsoft Visual Studio Solution File, Format Version 12.00
# Visual Studio 2013
VisualStudioVersion = 12.0.21005.1
MinimumVisualStudioVersion = 10.0.40219.1
Project("{FAE04EC0-301F-11D3-BF4B-00C04F79EFBC}") = "SGC_DOMINIO", "SGC_DOMINIO\SGC_DOMINIO.csproj", "{E0286F04-DB95-4CD4-82C4-3B434202FB68}"
EndProject
Project("{FAE04EC0-301F-11D3-BF4B-00C04F79EFBC}") = "SGC_WEB", "SGC_WEB\SGC_WEB.csproj", "{53A2E41D-F59F-45AB-8B44-A268FE006698}"
EndProject
Project("{FAE04EC0-301F-11D3-BF4B-00C04F79EFBC}") = "SGC_UnitTest", "SGC_UnitTest\SGC_UnitTest.csproj", "{0D2E3858-4716-4DB1-A9D3-8327852FB4EA}"
EndProject
Global
	GlobalSection(SolutionConfigurationPlatforms) = preSolution
		Debug|Any CPU = Debug|Any CPU
		Release|Any CPU = Release|Any CPU
	EndGlobalSection
	GlobalSection(ProjectConfigurationPlatforms) = postSolution
		{E0286F04-DB95-4CD4-82C4-3B434202FB68}.Debug|Any CPU.ActiveCfg = Debug|Any CPU
		{E0286F04-DB95-4CD4-82C4-3B434202FB68}.Debug|Any CPU.Build.0 = Debug|Any CPU
		{E0286F04-DB95-4CD4-82C4-3B434202FB68}.Release|Any CPU.ActiveCfg = Release|Any CPU
		{E0286F04-DB95-4CD4-82C4-3B434202FB68}.Release|Any CPU.Build.0 = Release|Any CPU
		{53A2E41D-F59F-45AB-8B44-A268FE006698}.Debug|Any CPU.ActiveCfg = Debug|Any CPU
		{53A2E41D-F59F-45AB-8B44-A268FE006698}.Debug|Any CPU.Build.0 = Debug|Any CPU
		{53A2E41D-F59F-45AB-8B44-A268FE006698}.Release|Any CPU.ActiveCfg = Release|Any CPU
		{53A2E41D-F59F-45AB-8B44-A268FE006698}.Release|Any CPU.Build.0 = Release|Any CPU
		{0D2E3858-4716-4DB1-A9D3-8327852FB4EA}.Debug|Any CPU.ActiveCfg = Debug|Any CPU
		{0D2E3858-4716-4DB1-A9D3-8327852FB4EA}.Debug|Any CPU.Build.0 = Debug|Any CPU
		{0D2E3858-4716-4DB1-A9D3-8327852FB4EA}.Release|Any CPU.ActiveCfg = Release|Any CPU
		{0D2E3858-4716-4DB1-A9D3-8327852FB4EA}.Release|Any CPU.Build.0 = Release|Any CPU
	EndGlobalSection
	GlobalSection(SolutionProperties) = preSolution
		HideSolutionNode = FALSE
	EndGlobalSection
EndGlobal
